// !$*UTF8*$!
{
	archiveVersion = 1;
	classes = {
	};
	objectVersion = 55;
	objects = {

/* Begin PBXBuildFile section */
		A2391623CCA38FA440DAB958 /* libPods-PhotosTimeStamper.a in Frameworks */ = {isa = PBXBuildFile; fileRef = 69C66944B59582C664BF7CFF /* libPods-PhotosTimeStamper.a */; };
		AB0BC381276C7869002941F5 /* AppDelegate.swift in Sources */ = {isa = PBXBuildFile; fileRef = AB0BC380276C7869002941F5 /* AppDelegate.swift */; };
		AB0BC38A276C786A002941F5 /* Assets.xcassets in Resources */ = {isa = PBXBuildFile; fileRef = AB0BC389276C786A002941F5 /* Assets.xcassets */; };
		AB0BC38D276C786A002941F5 /* LaunchScreen.storyboard in Resources */ = {isa = PBXBuildFile; fileRef = AB0BC38B276C786A002941F5 /* LaunchScreen.storyboard */; };
		AB0BC398276C786A002941F5 /* PhotosTimeStamperTests.swift in Sources */ = {isa = PBXBuildFile; fileRef = AB0BC397276C786A002941F5 /* PhotosTimeStamperTests.swift */; };
		AB0BC3A2276C786A002941F5 /* PhotosTimeStamperUITests.swift in Sources */ = {isa = PBXBuildFile; fileRef = AB0BC3A1276C786A002941F5 /* PhotosTimeStamperUITests.swift */; };
		AB0BC3A4276C786A002941F5 /* PhotosTimeStamperUITestsLaunchTests.swift in Sources */ = {isa = PBXBuildFile; fileRef = AB0BC3A3276C786A002941F5 /* PhotosTimeStamperUITestsLaunchTests.swift */; };
		AB0BC3FC276D0634002941F5 /* AppCoordinator.swift in Sources */ = {isa = PBXBuildFile; fileRef = AB0BC3C3276D0634002941F5 /* AppCoordinator.swift */; };
		AB0BC3FD276D0634002941F5 /* TabItem.swift in Sources */ = {isa = PBXBuildFile; fileRef = AB0BC3C5276D0634002941F5 /* TabItem.swift */; };
		AB0BC3FE276D0634002941F5 /* TabBarCoordinator.swift in Sources */ = {isa = PBXBuildFile; fileRef = AB0BC3C6276D0634002941F5 /* TabBarCoordinator.swift */; };
		AB0BC3FF276D0634002941F5 /* Defines.swift in Sources */ = {isa = PBXBuildFile; fileRef = AB0BC3C8276D0634002941F5 /* Defines.swift */; };
		AB0BC400276D0634002941F5 /* Style.swift in Sources */ = {isa = PBXBuildFile; fileRef = AB0BC3C9276D0634002941F5 /* Style.swift */; };
		AB0BC402276D0634002941F5 /* Date.swift in Sources */ = {isa = PBXBuildFile; fileRef = AB0BC3CC276D0634002941F5 /* Date.swift */; };
		AB0BC403276D0634002941F5 /* UIView.swift in Sources */ = {isa = PBXBuildFile; fileRef = AB0BC3CD276D0634002941F5 /* UIView.swift */; };
		AB0BC404276D0634002941F5 /* Data.swift in Sources */ = {isa = PBXBuildFile; fileRef = AB0BC3CE276D0634002941F5 /* Data.swift */; };
		AB0BC405276D0634002941F5 /* UIViewController+Alert.swift in Sources */ = {isa = PBXBuildFile; fileRef = AB0BC3CF276D0634002941F5 /* UIViewController+Alert.swift */; };
		AB0BC406276D0634002941F5 /* Storyboard.swift in Sources */ = {isa = PBXBuildFile; fileRef = AB0BC3D0276D0634002941F5 /* Storyboard.swift */; };
		AB0BC407276D0634002941F5 /* UITableView.swift in Sources */ = {isa = PBXBuildFile; fileRef = AB0BC3D1276D0634002941F5 /* UITableView.swift */; };
		AB0BC409276D0634002941F5 /* UIApplication.swift in Sources */ = {isa = PBXBuildFile; fileRef = AB0BC3D3276D0634002941F5 /* UIApplication.swift */; };
		AB0BC40E276D0634002941F5 /* ImageListViewController.swift in Sources */ = {isa = PBXBuildFile; fileRef = AB0BC3DB276D0634002941F5 /* ImageListViewController.swift */; };
		AB0BC40F276D0634002941F5 /* ImageListViewModel.swift in Sources */ = {isa = PBXBuildFile; fileRef = AB0BC3DC276D0634002941F5 /* ImageListViewModel.swift */; };
		AB0BC410276D0634002941F5 /* ImageListCoordinator.swift in Sources */ = {isa = PBXBuildFile; fileRef = AB0BC3DD276D0634002941F5 /* ImageListCoordinator.swift */; };
		AB0BC411276D0634002941F5 /* ImageList.storyboard in Resources */ = {isa = PBXBuildFile; fileRef = AB0BC3DE276D0634002941F5 /* ImageList.storyboard */; };
		AB0BC412276D0634002941F5 /* EditPhoto.storyboard in Resources */ = {isa = PBXBuildFile; fileRef = AB0BC3E0276D0634002941F5 /* EditPhoto.storyboard */; };
		AB0BC413276D0634002941F5 /* EditPhotoCoordinator.swift in Sources */ = {isa = PBXBuildFile; fileRef = AB0BC3E1276D0634002941F5 /* EditPhotoCoordinator.swift */; };
		AB0BC414276D0634002941F5 /* EditPhotoViewController.swift in Sources */ = {isa = PBXBuildFile; fileRef = AB0BC3E2276D0634002941F5 /* EditPhotoViewController.swift */; };
		AB0BC415276D0634002941F5 /* EditPhotoViewModel.swift in Sources */ = {isa = PBXBuildFile; fileRef = AB0BC3E3276D0634002941F5 /* EditPhotoViewModel.swift */; };
		AB0BC418276D0634002941F5 /* Command.swift in Sources */ = {isa = PBXBuildFile; fileRef = AB0BC3E8276D0634002941F5 /* Command.swift */; };
		AB0BC419276D0634002941F5 /* StampedImageTableViewCell.xib in Resources */ = {isa = PBXBuildFile; fileRef = AB0BC3EB276D0634002941F5 /* StampedImageTableViewCell.xib */; };
		AB0BC41A276D0634002941F5 /* StampedImageTableViewCell.swift in Sources */ = {isa = PBXBuildFile; fileRef = AB0BC3EC276D0634002941F5 /* StampedImageTableViewCell.swift */; };
		AB0BC424276D0634002941F5 /* ServiceHolder.swift in Sources */ = {isa = PBXBuildFile; fileRef = AB0BC3FA276D0634002941F5 /* ServiceHolder.swift */; };
		AB0BC425276D0634002941F5 /* ImageStorageService.swift in Sources */ = {isa = PBXBuildFile; fileRef = AB0BC3FB276D0634002941F5 /* ImageStorageService.swift */; };
		AB0BC427276D1C0E002941F5 /* StampedImageModel.swift in Sources */ = {isa = PBXBuildFile; fileRef = AB0BC426276D1C0E002941F5 /* StampedImageModel.swift */; };
		AB0BC42B276D2F0A002941F5 /* CacheHelper.swift in Sources */ = {isa = PBXBuildFile; fileRef = AB0BC42A276D2F0A002941F5 /* CacheHelper.swift */; };
		AB0BC42F276D367E002941F5 /* UIViewController+UIImagePicker+Permissons.swift in Sources */ = {isa = PBXBuildFile; fileRef = AB0BC42E276D367E002941F5 /* UIViewController+UIImagePicker+Permissons.swift */; };
		AB0BC431276D3F4B002941F5 /* UIImage.swift in Sources */ = {isa = PBXBuildFile; fileRef = AB0BC430276D3F4B002941F5 /* UIImage.swift */; };
		ABA9BD3B277125A600E5DED1 /* GradientButton.swift in Sources */ = {isa = PBXBuildFile; fileRef = ABA9BD3A277125A600E5DED1 /* GradientButton.swift */; };
		B2044CDE9DA0F1ADA6F7B985 /* libPods-PhotosTimeStamper-PhotosTimeStamperUITests.a in Frameworks */ = {isa = PBXBuildFile; fileRef = 046C45F222731469F0232252 /* libPods-PhotosTimeStamper-PhotosTimeStamperUITests.a */; };
		B5280BAAA5B26B1886D7483F /* libPods-PhotosTimeStamperTests.a in Frameworks */ = {isa = PBXBuildFile; fileRef = 113D7B12C9AF9CF098B7963D /* libPods-PhotosTimeStamperTests.a */; };
/* End PBXBuildFile section */

/* Begin PBXContainerItemProxy section */
		AB0BC394276C786A002941F5 /* PBXContainerItemProxy */ = {
			isa = PBXContainerItemProxy;
			containerPortal = AB0BC375276C7869002941F5 /* Project object */;
			proxyType = 1;
			remoteGlobalIDString = AB0BC37C276C7869002941F5;
			remoteInfo = PhotosTimeStamper;
		};
		AB0BC39E276C786A002941F5 /* PBXContainerItemProxy */ = {
			isa = PBXContainerItemProxy;
			containerPortal = AB0BC375276C7869002941F5 /* Project object */;
			proxyType = 1;
			remoteGlobalIDString = AB0BC37C276C7869002941F5;
			remoteInfo = PhotosTimeStamper;
		};
/* End PBXContainerItemProxy section */

/* Begin PBXFileReference section */
		046C45F222731469F0232252 /* libPods-PhotosTimeStamper-PhotosTimeStamperUITests.a */ = {isa = PBXFileReference; explicitFileType = archive.ar; includeInIndex = 0; path = "libPods-PhotosTimeStamper-PhotosTimeStamperUITests.a"; sourceTree = BUILT_PRODUCTS_DIR; };
		113D7B12C9AF9CF098B7963D /* libPods-PhotosTimeStamperTests.a */ = {isa = PBXFileReference; explicitFileType = archive.ar; includeInIndex = 0; path = "libPods-PhotosTimeStamperTests.a"; sourceTree = BUILT_PRODUCTS_DIR; };
		2754B9B28439982512F3713A /* Pods-PhotosTimeStamper.release.xcconfig */ = {isa = PBXFileReference; includeInIndex = 1; lastKnownFileType = text.xcconfig; name = "Pods-PhotosTimeStamper.release.xcconfig"; path = "Target Support Files/Pods-PhotosTimeStamper/Pods-PhotosTimeStamper.release.xcconfig"; sourceTree = "<group>"; };
		343A16F054783A1415AEE071 /* Pods-PhotosTimeStamper.debug.xcconfig */ = {isa = PBXFileReference; includeInIndex = 1; lastKnownFileType = text.xcconfig; name = "Pods-PhotosTimeStamper.debug.xcconfig"; path = "Target Support Files/Pods-PhotosTimeStamper/Pods-PhotosTimeStamper.debug.xcconfig"; sourceTree = "<group>"; };
		69C66944B59582C664BF7CFF /* libPods-PhotosTimeStamper.a */ = {isa = PBXFileReference; explicitFileType = archive.ar; includeInIndex = 0; path = "libPods-PhotosTimeStamper.a"; sourceTree = BUILT_PRODUCTS_DIR; };
		7301A924AE5F895615764FC0 /* Pods-PhotosTimeStamper-PhotosTimeStamperUITests.debug.xcconfig */ = {isa = PBXFileReference; includeInIndex = 1; lastKnownFileType = text.xcconfig; name = "Pods-PhotosTimeStamper-PhotosTimeStamperUITests.debug.xcconfig"; path = "Target Support Files/Pods-PhotosTimeStamper-PhotosTimeStamperUITests/Pods-PhotosTimeStamper-PhotosTimeStamperUITests.debug.xcconfig"; sourceTree = "<group>"; };
		78679271F938E41A3A49ACFF /* Pods-PhotosTimeStamper-PhotosTimeStamperUITests.release.xcconfig */ = {isa = PBXFileReference; includeInIndex = 1; lastKnownFileType = text.xcconfig; name = "Pods-PhotosTimeStamper-PhotosTimeStamperUITests.release.xcconfig"; path = "Target Support Files/Pods-PhotosTimeStamper-PhotosTimeStamperUITests/Pods-PhotosTimeStamper-PhotosTimeStamperUITests.release.xcconfig"; sourceTree = "<group>"; };
		A62FFECF200DB6824CAE4F0C /* Pods-PhotosTimeStamperTests.release.xcconfig */ = {isa = PBXFileReference; includeInIndex = 1; lastKnownFileType = text.xcconfig; name = "Pods-PhotosTimeStamperTests.release.xcconfig"; path = "Target Support Files/Pods-PhotosTimeStamperTests/Pods-PhotosTimeStamperTests.release.xcconfig"; sourceTree = "<group>"; };
		AB0BC37D276C7869002941F5 /* PhotosTimeStamper.app */ = {isa = PBXFileReference; explicitFileType = wrapper.application; includeInIndex = 0; path = PhotosTimeStamper.app; sourceTree = BUILT_PRODUCTS_DIR; };
		AB0BC380276C7869002941F5 /* AppDelegate.swift */ = {isa = PBXFileReference; lastKnownFileType = sourcecode.swift; path = AppDelegate.swift; sourceTree = "<group>"; };
		AB0BC389276C786A002941F5 /* Assets.xcassets */ = {isa = PBXFileReference; lastKnownFileType = folder.assetcatalog; path = Assets.xcassets; sourceTree = "<group>"; };
		AB0BC38C276C786A002941F5 /* Base */ = {isa = PBXFileReference; lastKnownFileType = file.storyboard; name = Base; path = Base.lproj/LaunchScreen.storyboard; sourceTree = "<group>"; };
		AB0BC38E276C786A002941F5 /* Info.plist */ = {isa = PBXFileReference; lastKnownFileType = text.plist.xml; path = Info.plist; sourceTree = "<group>"; };
		AB0BC393276C786A002941F5 /* PhotosTimeStamperTests.xctest */ = {isa = PBXFileReference; explicitFileType = wrapper.cfbundle; includeInIndex = 0; path = PhotosTimeStamperTests.xctest; sourceTree = BUILT_PRODUCTS_DIR; };
		AB0BC397276C786A002941F5 /* PhotosTimeStamperTests.swift */ = {isa = PBXFileReference; lastKnownFileType = sourcecode.swift; path = PhotosTimeStamperTests.swift; sourceTree = "<group>"; };
		AB0BC39D276C786A002941F5 /* PhotosTimeStamperUITests.xctest */ = {isa = PBXFileReference; explicitFileType = wrapper.cfbundle; includeInIndex = 0; path = PhotosTimeStamperUITests.xctest; sourceTree = BUILT_PRODUCTS_DIR; };
		AB0BC3A1276C786A002941F5 /* PhotosTimeStamperUITests.swift */ = {isa = PBXFileReference; lastKnownFileType = sourcecode.swift; path = PhotosTimeStamperUITests.swift; sourceTree = "<group>"; };
		AB0BC3A3276C786A002941F5 /* PhotosTimeStamperUITestsLaunchTests.swift */ = {isa = PBXFileReference; lastKnownFileType = sourcecode.swift; path = PhotosTimeStamperUITestsLaunchTests.swift; sourceTree = "<group>"; };
		AB0BC3C3276D0634002941F5 /* AppCoordinator.swift */ = {isa = PBXFileReference; fileEncoding = 4; lastKnownFileType = sourcecode.swift; path = AppCoordinator.swift; sourceTree = "<group>"; };
		AB0BC3C5276D0634002941F5 /* TabItem.swift */ = {isa = PBXFileReference; fileEncoding = 4; lastKnownFileType = sourcecode.swift; path = TabItem.swift; sourceTree = "<group>"; };
		AB0BC3C6276D0634002941F5 /* TabBarCoordinator.swift */ = {isa = PBXFileReference; fileEncoding = 4; lastKnownFileType = sourcecode.swift; path = TabBarCoordinator.swift; sourceTree = "<group>"; };
		AB0BC3C8276D0634002941F5 /* Defines.swift */ = {isa = PBXFileReference; fileEncoding = 4; lastKnownFileType = sourcecode.swift; path = Defines.swift; sourceTree = "<group>"; };
		AB0BC3C9276D0634002941F5 /* Style.swift */ = {isa = PBXFileReference; fileEncoding = 4; lastKnownFileType = sourcecode.swift; path = Style.swift; sourceTree = "<group>"; };
		AB0BC3CC276D0634002941F5 /* Date.swift */ = {isa = PBXFileReference; fileEncoding = 4; lastKnownFileType = sourcecode.swift; path = Date.swift; sourceTree = "<group>"; };
		AB0BC3CD276D0634002941F5 /* UIView.swift */ = {isa = PBXFileReference; fileEncoding = 4; lastKnownFileType = sourcecode.swift; path = UIView.swift; sourceTree = "<group>"; };
		AB0BC3CE276D0634002941F5 /* Data.swift */ = {isa = PBXFileReference; fileEncoding = 4; lastKnownFileType = sourcecode.swift; path = Data.swift; sourceTree = "<group>"; };
		AB0BC3CF276D0634002941F5 /* UIViewController+Alert.swift */ = {isa = PBXFileReference; fileEncoding = 4; lastKnownFileType = sourcecode.swift; path = "UIViewController+Alert.swift"; sourceTree = "<group>"; };
		AB0BC3D0276D0634002941F5 /* Storyboard.swift */ = {isa = PBXFileReference; fileEncoding = 4; lastKnownFileType = sourcecode.swift; path = Storyboard.swift; sourceTree = "<group>"; };
		AB0BC3D1276D0634002941F5 /* UITableView.swift */ = {isa = PBXFileReference; fileEncoding = 4; lastKnownFileType = sourcecode.swift; path = UITableView.swift; sourceTree = "<group>"; };
		AB0BC3D3276D0634002941F5 /* UIApplication.swift */ = {isa = PBXFileReference; fileEncoding = 4; lastKnownFileType = sourcecode.swift; path = UIApplication.swift; sourceTree = "<group>"; };
		AB0BC3DB276D0634002941F5 /* ImageListViewController.swift */ = {isa = PBXFileReference; fileEncoding = 4; lastKnownFileType = sourcecode.swift; path = ImageListViewController.swift; sourceTree = "<group>"; };
		AB0BC3DC276D0634002941F5 /* ImageListViewModel.swift */ = {isa = PBXFileReference; fileEncoding = 4; lastKnownFileType = sourcecode.swift; path = ImageListViewModel.swift; sourceTree = "<group>"; };
		AB0BC3DD276D0634002941F5 /* ImageListCoordinator.swift */ = {isa = PBXFileReference; fileEncoding = 4; lastKnownFileType = sourcecode.swift; path = ImageListCoordinator.swift; sourceTree = "<group>"; };
		AB0BC3DE276D0634002941F5 /* ImageList.storyboard */ = {isa = PBXFileReference; fileEncoding = 4; lastKnownFileType = file.storyboard; path = ImageList.storyboard; sourceTree = "<group>"; };
		AB0BC3E0276D0634002941F5 /* EditPhoto.storyboard */ = {isa = PBXFileReference; fileEncoding = 4; lastKnownFileType = file.storyboard; path = EditPhoto.storyboard; sourceTree = "<group>"; };
		AB0BC3E1276D0634002941F5 /* EditPhotoCoordinator.swift */ = {isa = PBXFileReference; fileEncoding = 4; lastKnownFileType = sourcecode.swift; path = EditPhotoCoordinator.swift; sourceTree = "<group>"; };
		AB0BC3E2276D0634002941F5 /* EditPhotoViewController.swift */ = {isa = PBXFileReference; fileEncoding = 4; lastKnownFileType = sourcecode.swift; path = EditPhotoViewController.swift; sourceTree = "<group>"; };
		AB0BC3E3276D0634002941F5 /* EditPhotoViewModel.swift */ = {isa = PBXFileReference; fileEncoding = 4; lastKnownFileType = sourcecode.swift; path = EditPhotoViewModel.swift; sourceTree = "<group>"; };
		AB0BC3E8276D0634002941F5 /* Command.swift */ = {isa = PBXFileReference; fileEncoding = 4; lastKnownFileType = sourcecode.swift; path = Command.swift; sourceTree = "<group>"; };
		AB0BC3EB276D0634002941F5 /* StampedImageTableViewCell.xib */ = {isa = PBXFileReference; fileEncoding = 4; lastKnownFileType = file.xib; path = StampedImageTableViewCell.xib; sourceTree = "<group>"; };
		AB0BC3EC276D0634002941F5 /* StampedImageTableViewCell.swift */ = {isa = PBXFileReference; fileEncoding = 4; lastKnownFileType = sourcecode.swift; path = StampedImageTableViewCell.swift; sourceTree = "<group>"; };
		AB0BC3FA276D0634002941F5 /* ServiceHolder.swift */ = {isa = PBXFileReference; fileEncoding = 4; lastKnownFileType = sourcecode.swift; path = ServiceHolder.swift; sourceTree = "<group>"; };
		AB0BC3FB276D0634002941F5 /* ImageStorageService.swift */ = {isa = PBXFileReference; fileEncoding = 4; lastKnownFileType = sourcecode.swift; path = ImageStorageService.swift; sourceTree = "<group>"; };
		AB0BC426276D1C0E002941F5 /* StampedImageModel.swift */ = {isa = PBXFileReference; lastKnownFileType = sourcecode.swift; path = StampedImageModel.swift; sourceTree = "<group>"; };
		AB0BC42A276D2F0A002941F5 /* CacheHelper.swift */ = {isa = PBXFileReference; lastKnownFileType = sourcecode.swift; path = CacheHelper.swift; sourceTree = "<group>"; };
		AB0BC42E276D367E002941F5 /* UIViewController+UIImagePicker+Permissons.swift */ = {isa = PBXFileReference; lastKnownFileType = sourcecode.swift; path = "UIViewController+UIImagePicker+Permissons.swift"; sourceTree = "<group>"; };
		AB0BC430276D3F4B002941F5 /* UIImage.swift */ = {isa = PBXFileReference; lastKnownFileType = sourcecode.swift; path = UIImage.swift; sourceTree = "<group>"; };
		ABA9BD3A277125A600E5DED1 /* GradientButton.swift */ = {isa = PBXFileReference; fileEncoding = 4; lastKnownFileType = sourcecode.swift; path = GradientButton.swift; sourceTree = "<group>"; };
		B8D36CF05B4DBCD33BB56C0E /* Pods-PhotosTimeStamperTests.debug.xcconfig */ = {isa = PBXFileReference; includeInIndex = 1; lastKnownFileType = text.xcconfig; name = "Pods-PhotosTimeStamperTests.debug.xcconfig"; path = "Target Support Files/Pods-PhotosTimeStamperTests/Pods-PhotosTimeStamperTests.debug.xcconfig"; sourceTree = "<group>"; };
/* End PBXFileReference section */

/* Begin PBXFrameworksBuildPhase section */
		AB0BC37A276C7869002941F5 /* Frameworks */ = {
			isa = PBXFrameworksBuildPhase;
			buildActionMask = 2147483647;
			files = (
				A2391623CCA38FA440DAB958 /* libPods-PhotosTimeStamper.a in Frameworks */,
			);
			runOnlyForDeploymentPostprocessing = 0;
		};
		AB0BC390276C786A002941F5 /* Frameworks */ = {
			isa = PBXFrameworksBuildPhase;
			buildActionMask = 2147483647;
			files = (
				B5280BAAA5B26B1886D7483F /* libPods-PhotosTimeStamperTests.a in Frameworks */,
			);
			runOnlyForDeploymentPostprocessing = 0;
		};
		AB0BC39A276C786A002941F5 /* Frameworks */ = {
			isa = PBXFrameworksBuildPhase;
			buildActionMask = 2147483647;
			files = (
				B2044CDE9DA0F1ADA6F7B985 /* libPods-PhotosTimeStamper-PhotosTimeStamperUITests.a in Frameworks */,
			);
			runOnlyForDeploymentPostprocessing = 0;
		};
/* End PBXFrameworksBuildPhase section */

/* Begin PBXGroup section */
		5BF5C3D2EC4E40AB1C81C554 /* Pods */ = {
			isa = PBXGroup;
			children = (
				343A16F054783A1415AEE071 /* Pods-PhotosTimeStamper.debug.xcconfig */,
				2754B9B28439982512F3713A /* Pods-PhotosTimeStamper.release.xcconfig */,
				7301A924AE5F895615764FC0 /* Pods-PhotosTimeStamper-PhotosTimeStamperUITests.debug.xcconfig */,
				78679271F938E41A3A49ACFF /* Pods-PhotosTimeStamper-PhotosTimeStamperUITests.release.xcconfig */,
				B8D36CF05B4DBCD33BB56C0E /* Pods-PhotosTimeStamperTests.debug.xcconfig */,
				A62FFECF200DB6824CAE4F0C /* Pods-PhotosTimeStamperTests.release.xcconfig */,
			);
			path = Pods;
			sourceTree = "<group>";
		};
		635E79156E20D7AA1B823588 /* Frameworks */ = {
			isa = PBXGroup;
			children = (
				69C66944B59582C664BF7CFF /* libPods-PhotosTimeStamper.a */,
				046C45F222731469F0232252 /* libPods-PhotosTimeStamper-PhotosTimeStamperUITests.a */,
				113D7B12C9AF9CF098B7963D /* libPods-PhotosTimeStamperTests.a */,
			);
			name = Frameworks;
			sourceTree = "<group>";
		};
		AB0BC374276C7869002941F5 = {
			isa = PBXGroup;
			children = (
				AB0BC37F276C7869002941F5 /* PhotosTimeStamper */,
				AB0BC396276C786A002941F5 /* PhotosTimeStamperTests */,
				AB0BC3A0276C786A002941F5 /* PhotosTimeStamperUITests */,
				AB0BC37E276C7869002941F5 /* Products */,
				5BF5C3D2EC4E40AB1C81C554 /* Pods */,
				635E79156E20D7AA1B823588 /* Frameworks */,
			);
			sourceTree = "<group>";
		};
		AB0BC37E276C7869002941F5 /* Products */ = {
			isa = PBXGroup;
			children = (
				AB0BC37D276C7869002941F5 /* PhotosTimeStamper.app */,
				AB0BC393276C786A002941F5 /* PhotosTimeStamperTests.xctest */,
				AB0BC39D276C786A002941F5 /* PhotosTimeStamperUITests.xctest */,
			);
			name = Products;
			sourceTree = "<group>";
		};
		AB0BC37F276C7869002941F5 /* PhotosTimeStamper */ = {
			isa = PBXGroup;
			children = (
				AB0BC380276C7869002941F5 /* AppDelegate.swift */,
				AB0BC3E7276D0634002941F5 /* Abstractions */,
				AB0BC3E9276D0634002941F5 /* CustomUI */,
				AB0BC3CB276D0634002941F5 /* Extensions */,
				AB0BC3C7276D0634002941F5 /* Helpers */,
				AB0BC3E4276D0634002941F5 /* Models */,
				AB0BC3C2276D0634002941F5 /* Navigation */,
				AB0BC3D4276D0634002941F5 /* Screens */,
				AB0BC3ED276D0634002941F5 /* Services */,
				AB0BC389276C786A002941F5 /* Assets.xcassets */,
				AB0BC38B276C786A002941F5 /* LaunchScreen.storyboard */,
				AB0BC38E276C786A002941F5 /* Info.plist */,
			);
			path = PhotosTimeStamper;
			sourceTree = "<group>";
		};
		AB0BC396276C786A002941F5 /* PhotosTimeStamperTests */ = {
			isa = PBXGroup;
			children = (
				AB0BC397276C786A002941F5 /* PhotosTimeStamperTests.swift */,
			);
			path = PhotosTimeStamperTests;
			sourceTree = "<group>";
		};
		AB0BC3A0276C786A002941F5 /* PhotosTimeStamperUITests */ = {
			isa = PBXGroup;
			children = (
				AB0BC3A1276C786A002941F5 /* PhotosTimeStamperUITests.swift */,
				AB0BC3A3276C786A002941F5 /* PhotosTimeStamperUITestsLaunchTests.swift */,
			);
			path = PhotosTimeStamperUITests;
			sourceTree = "<group>";
		};
		AB0BC3C2276D0634002941F5 /* Navigation */ = {
			isa = PBXGroup;
			children = (
				AB0BC3C3276D0634002941F5 /* AppCoordinator.swift */,
				AB0BC3C4276D0634002941F5 /* TabBar */,
			);
			path = Navigation;
			sourceTree = "<group>";
		};
		AB0BC3C4276D0634002941F5 /* TabBar */ = {
			isa = PBXGroup;
			children = (
				AB0BC3C5276D0634002941F5 /* TabItem.swift */,
				AB0BC3C6276D0634002941F5 /* TabBarCoordinator.swift */,
			);
			path = TabBar;
			sourceTree = "<group>";
		};
		AB0BC3C7276D0634002941F5 /* Helpers */ = {
			isa = PBXGroup;
			children = (
				AB0BC3C8276D0634002941F5 /* Defines.swift */,
				AB0BC3C9276D0634002941F5 /* Style.swift */,
				AB0BC42A276D2F0A002941F5 /* CacheHelper.swift */,
			);
			path = Helpers;
			sourceTree = "<group>";
		};
		AB0BC3CB276D0634002941F5 /* Extensions */ = {
			isa = PBXGroup;
			children = (
				AB0BC3CC276D0634002941F5 /* Date.swift */,
				AB0BC3CD276D0634002941F5 /* UIView.swift */,
				AB0BC3CE276D0634002941F5 /* Data.swift */,
				AB0BC3CF276D0634002941F5 /* UIViewController+Alert.swift */,
				AB0BC3D0276D0634002941F5 /* Storyboard.swift */,
				AB0BC3D1276D0634002941F5 /* UITableView.swift */,
				AB0BC3D3276D0634002941F5 /* UIApplication.swift */,
				AB0BC42E276D367E002941F5 /* UIViewController+UIImagePicker+Permissons.swift */,
				AB0BC430276D3F4B002941F5 /* UIImage.swift */,
			);
			path = Extensions;
			sourceTree = "<group>";
		};
		AB0BC3D4276D0634002941F5 /* Screens */ = {
			isa = PBXGroup;
			children = (
				AB0BC3DA276D0634002941F5 /* List */,
				AB0BC3DF276D0634002941F5 /* EditPhoto */,
			);
			path = Screens;
			sourceTree = "<group>";
		};
		AB0BC3DA276D0634002941F5 /* List */ = {
			isa = PBXGroup;
			children = (
				AB0BC3DB276D0634002941F5 /* ImageListViewController.swift */,
				AB0BC3DC276D0634002941F5 /* ImageListViewModel.swift */,
				AB0BC3DD276D0634002941F5 /* ImageListCoordinator.swift */,
				AB0BC3DE276D0634002941F5 /* ImageList.storyboard */,
			);
			path = List;
			sourceTree = "<group>";
		};
		AB0BC3DF276D0634002941F5 /* EditPhoto */ = {
			isa = PBXGroup;
			children = (
				AB0BC3E0276D0634002941F5 /* EditPhoto.storyboard */,
				AB0BC3E1276D0634002941F5 /* EditPhotoCoordinator.swift */,
				AB0BC3E2276D0634002941F5 /* EditPhotoViewController.swift */,
				AB0BC3E3276D0634002941F5 /* EditPhotoViewModel.swift */,
			);
			path = EditPhoto;
			sourceTree = "<group>";
		};
		AB0BC3E4276D0634002941F5 /* Models */ = {
			isa = PBXGroup;
			children = (
				AB0BC426276D1C0E002941F5 /* StampedImageModel.swift */,
			);
			path = Models;
			sourceTree = "<group>";
		};
		AB0BC3E7276D0634002941F5 /* Abstractions */ = {
			isa = PBXGroup;
			children = (
				AB0BC3E8276D0634002941F5 /* Command.swift */,
			);
			path = Abstractions;
			sourceTree = "<group>";
		};
		AB0BC3E9276D0634002941F5 /* CustomUI */ = {
			isa = PBXGroup;
			children = (
				ABA9BD3A277125A600E5DED1 /* GradientButton.swift */,
				AB0BC3EA276D0634002941F5 /* Cells */,
			);
			path = CustomUI;
			sourceTree = "<group>";
		};
		AB0BC3EA276D0634002941F5 /* Cells */ = {
			isa = PBXGroup;
			children = (
				AB0BC3EB276D0634002941F5 /* StampedImageTableViewCell.xib */,
				AB0BC3EC276D0634002941F5 /* StampedImageTableViewCell.swift */,
			);
			path = Cells;
			sourceTree = "<group>";
		};
		AB0BC3ED276D0634002941F5 /* Services */ = {
			isa = PBXGroup;
			children = (
				AB0BC3FA276D0634002941F5 /* ServiceHolder.swift */,
				AB0BC3FB276D0634002941F5 /* ImageStorageService.swift */,
			);
			path = Services;
			sourceTree = "<group>";
		};
/* End PBXGroup section */

/* Begin PBXNativeTarget section */
		AB0BC37C276C7869002941F5 /* PhotosTimeStamper */ = {
			isa = PBXNativeTarget;
			buildConfigurationList = AB0BC3A7276C786A002941F5 /* Build configuration list for PBXNativeTarget "PhotosTimeStamper" */;
			buildPhases = (
				F6E685ABB28EC4C80DEC1EF1 /* [CP] Check Pods Manifest.lock */,
				AB0BC379276C7869002941F5 /* Sources */,
				AB0BC37A276C7869002941F5 /* Frameworks */,
				AB0BC37B276C7869002941F5 /* Resources */,
			);
			buildRules = (
			);
			dependencies = (
			);
			name = PhotosTimeStamper;
			productName = PhotosTimeStamper;
			productReference = AB0BC37D276C7869002941F5 /* PhotosTimeStamper.app */;
			productType = "com.apple.product-type.application";
		};
		AB0BC392276C786A002941F5 /* PhotosTimeStamperTests */ = {
			isa = PBXNativeTarget;
			buildConfigurationList = AB0BC3AA276C786A002941F5 /* Build configuration list for PBXNativeTarget "PhotosTimeStamperTests" */;
			buildPhases = (
				5831D4B672D35128CA05484D /* [CP] Check Pods Manifest.lock */,
				AB0BC38F276C786A002941F5 /* Sources */,
				AB0BC390276C786A002941F5 /* Frameworks */,
				AB0BC391276C786A002941F5 /* Resources */,
			);
			buildRules = (
			);
			dependencies = (
				AB0BC395276C786A002941F5 /* PBXTargetDependency */,
			);
			name = PhotosTimeStamperTests;
			productName = PhotosTimeStamperTests;
			productReference = AB0BC393276C786A002941F5 /* PhotosTimeStamperTests.xctest */;
			productType = "com.apple.product-type.bundle.unit-test";
		};
		AB0BC39C276C786A002941F5 /* PhotosTimeStamperUITests */ = {
			isa = PBXNativeTarget;
			buildConfigurationList = AB0BC3AD276C786A002941F5 /* Build configuration list for PBXNativeTarget "PhotosTimeStamperUITests" */;
			buildPhases = (
				C516050F00961403B5E4A326 /* [CP] Check Pods Manifest.lock */,
				AB0BC399276C786A002941F5 /* Sources */,
				AB0BC39A276C786A002941F5 /* Frameworks */,
				AB0BC39B276C786A002941F5 /* Resources */,
			);
			buildRules = (
			);
			dependencies = (
				AB0BC39F276C786A002941F5 /* PBXTargetDependency */,
			);
			name = PhotosTimeStamperUITests;
			productName = PhotosTimeStamperUITests;
			productReference = AB0BC39D276C786A002941F5 /* PhotosTimeStamperUITests.xctest */;
			productType = "com.apple.product-type.bundle.ui-testing";
		};
/* End PBXNativeTarget section */

/* Begin PBXProject section */
		AB0BC375276C7869002941F5 /* Project object */ = {
			isa = PBXProject;
			attributes = {
				BuildIndependentTargetsInParallel = 1;
				LastSwiftUpdateCheck = 1320;
				LastUpgradeCheck = 1320;
				TargetAttributes = {
					AB0BC37C276C7869002941F5 = {
						CreatedOnToolsVersion = 13.2;
					};
					AB0BC392276C786A002941F5 = {
						CreatedOnToolsVersion = 13.2;
						TestTargetID = AB0BC37C276C7869002941F5;
					};
					AB0BC39C276C786A002941F5 = {
						CreatedOnToolsVersion = 13.2;
						TestTargetID = AB0BC37C276C7869002941F5;
					};
				};
			};
			buildConfigurationList = AB0BC378276C7869002941F5 /* Build configuration list for PBXProject "PhotosTimeStamper" */;
			compatibilityVersion = "Xcode 13.0";
			developmentRegion = en;
			hasScannedForEncodings = 0;
			knownRegions = (
				en,
				Base,
			);
			mainGroup = AB0BC374276C7869002941F5;
			productRefGroup = AB0BC37E276C7869002941F5 /* Products */;
			projectDirPath = "";
			projectRoot = "";
			targets = (
				AB0BC37C276C7869002941F5 /* PhotosTimeStamper */,
				AB0BC392276C786A002941F5 /* PhotosTimeStamperTests */,
				AB0BC39C276C786A002941F5 /* PhotosTimeStamperUITests */,
			);
		};
/* End PBXProject section */

/* Begin PBXResourcesBuildPhase section */
		AB0BC37B276C7869002941F5 /* Resources */ = {
			isa = PBXResourcesBuildPhase;
			buildActionMask = 2147483647;
			files = (
				AB0BC412276D0634002941F5 /* EditPhoto.storyboard in Resources */,
				AB0BC38D276C786A002941F5 /* LaunchScreen.storyboard in Resources */,
				AB0BC419276D0634002941F5 /* StampedImageTableViewCell.xib in Resources */,
				AB0BC411276D0634002941F5 /* ImageList.storyboard in Resources */,
				AB0BC38A276C786A002941F5 /* Assets.xcassets in Resources */,
			);
			runOnlyForDeploymentPostprocessing = 0;
		};
		AB0BC391276C786A002941F5 /* Resources */ = {
			isa = PBXResourcesBuildPhase;
			buildActionMask = 2147483647;
			files = (
			);
			runOnlyForDeploymentPostprocessing = 0;
		};
		AB0BC39B276C786A002941F5 /* Resources */ = {
			isa = PBXResourcesBuildPhase;
			buildActionMask = 2147483647;
			files = (
			);
			runOnlyForDeploymentPostprocessing = 0;
		};
/* End PBXResourcesBuildPhase section */

/* Begin PBXShellScriptBuildPhase section */
		5831D4B672D35128CA05484D /* [CP] Check Pods Manifest.lock */ = {
			isa = PBXShellScriptBuildPhase;
			buildActionMask = 2147483647;
			files = (
			);
			inputFileListPaths = (
			);
			inputPaths = (
				"${PODS_PODFILE_DIR_PATH}/Podfile.lock",
				"${PODS_ROOT}/Manifest.lock",
			);
			name = "[CP] Check Pods Manifest.lock";
			outputFileListPaths = (
			);
			outputPaths = (
				"$(DERIVED_FILE_DIR)/Pods-PhotosTimeStamperTests-checkManifestLockResult.txt",
			);
			runOnlyForDeploymentPostprocessing = 0;
			shellPath = /bin/sh;
			shellScript = "diff \"${PODS_PODFILE_DIR_PATH}/Podfile.lock\" \"${PODS_ROOT}/Manifest.lock\" > /dev/null\nif [ $? != 0 ] ; then\n    # print error to STDERR\n    echo \"error: The sandbox is not in sync with the Podfile.lock. Run 'pod install' or update your CocoaPods installation.\" >&2\n    exit 1\nfi\n# This output is used by Xcode 'outputs' to avoid re-running this script phase.\necho \"SUCCESS\" > \"${SCRIPT_OUTPUT_FILE_0}\"\n";
			showEnvVarsInLog = 0;
		};
		C516050F00961403B5E4A326 /* [CP] Check Pods Manifest.lock */ = {
			isa = PBXShellScriptBuildPhase;
			buildActionMask = 2147483647;
			files = (
			);
			inputFileListPaths = (
			);
			inputPaths = (
				"${PODS_PODFILE_DIR_PATH}/Podfile.lock",
				"${PODS_ROOT}/Manifest.lock",
			);
			name = "[CP] Check Pods Manifest.lock";
			outputFileListPaths = (
			);
			outputPaths = (
				"$(DERIVED_FILE_DIR)/Pods-PhotosTimeStamper-PhotosTimeStamperUITests-checkManifestLockResult.txt",
			);
			runOnlyForDeploymentPostprocessing = 0;
			shellPath = /bin/sh;
			shellScript = "diff \"${PODS_PODFILE_DIR_PATH}/Podfile.lock\" \"${PODS_ROOT}/Manifest.lock\" > /dev/null\nif [ $? != 0 ] ; then\n    # print error to STDERR\n    echo \"error: The sandbox is not in sync with the Podfile.lock. Run 'pod install' or update your CocoaPods installation.\" >&2\n    exit 1\nfi\n# This output is used by Xcode 'outputs' to avoid re-running this script phase.\necho \"SUCCESS\" > \"${SCRIPT_OUTPUT_FILE_0}\"\n";
			showEnvVarsInLog = 0;
		};
		F6E685ABB28EC4C80DEC1EF1 /* [CP] Check Pods Manifest.lock */ = {
			isa = PBXShellScriptBuildPhase;
			buildActionMask = 2147483647;
			files = (
			);
			inputFileListPaths = (
			);
			inputPaths = (
				"${PODS_PODFILE_DIR_PATH}/Podfile.lock",
				"${PODS_ROOT}/Manifest.lock",
			);
			name = "[CP] Check Pods Manifest.lock";
			outputFileListPaths = (
			);
			outputPaths = (
				"$(DERIVED_FILE_DIR)/Pods-PhotosTimeStamper-checkManifestLockResult.txt",
			);
			runOnlyForDeploymentPostprocessing = 0;
			shellPath = /bin/sh;
			shellScript = "diff \"${PODS_PODFILE_DIR_PATH}/Podfile.lock\" \"${PODS_ROOT}/Manifest.lock\" > /dev/null\nif [ $? != 0 ] ; then\n    # print error to STDERR\n    echo \"error: The sandbox is not in sync with the Podfile.lock. Run 'pod install' or update your CocoaPods installation.\" >&2\n    exit 1\nfi\n# This output is used by Xcode 'outputs' to avoid re-running this script phase.\necho \"SUCCESS\" > \"${SCRIPT_OUTPUT_FILE_0}\"\n";
			showEnvVarsInLog = 0;
		};
/* End PBXShellScriptBuildPhase section */

/* Begin PBXSourcesBuildPhase section */
		AB0BC379276C7869002941F5 /* Sources */ = {
			isa = PBXSourcesBuildPhase;
			buildActionMask = 2147483647;
			files = (
				AB0BC409276D0634002941F5 /* UIApplication.swift in Sources */,
				AB0BC403276D0634002941F5 /* UIView.swift in Sources */,
				AB0BC40E276D0634002941F5 /* ImageListViewController.swift in Sources */,
				AB0BC41A276D0634002941F5 /* StampedImageTableViewCell.swift in Sources */,
				AB0BC40F276D0634002941F5 /* ImageListViewModel.swift in Sources */,
				AB0BC3FC276D0634002941F5 /* AppCoordinator.swift in Sources */,
				AB0BC431276D3F4B002941F5 /* UIImage.swift in Sources */,
				AB0BC42B276D2F0A002941F5 /* CacheHelper.swift in Sources */,
				AB0BC427276D1C0E002941F5 /* StampedImageModel.swift in Sources */,
				AB0BC415276D0634002941F5 /* EditPhotoViewModel.swift in Sources */,
				AB0BC425276D0634002941F5 /* ImageStorageService.swift in Sources */,
				AB0BC413276D0634002941F5 /* EditPhotoCoordinator.swift in Sources */,
				AB0BC405276D0634002941F5 /* UIViewController+Alert.swift in Sources */,
				AB0BC418276D0634002941F5 /* Command.swift in Sources */,
				AB0BC406276D0634002941F5 /* Storyboard.swift in Sources */,
				AB0BC3FF276D0634002941F5 /* Defines.swift in Sources */,
				AB0BC404276D0634002941F5 /* Data.swift in Sources */,
				AB0BC414276D0634002941F5 /* EditPhotoViewController.swift in Sources */,
				AB0BC3FD276D0634002941F5 /* TabItem.swift in Sources */,
				AB0BC3FE276D0634002941F5 /* TabBarCoordinator.swift in Sources */,
				AB0BC400276D0634002941F5 /* Style.swift in Sources */,
				ABA9BD3B277125A600E5DED1 /* GradientButton.swift in Sources */,
				AB0BC424276D0634002941F5 /* ServiceHolder.swift in Sources */,
				AB0BC410276D0634002941F5 /* ImageListCoordinator.swift in Sources */,
				AB0BC402276D0634002941F5 /* Date.swift in Sources */,
				AB0BC381276C7869002941F5 /* AppDelegate.swift in Sources */,
				AB0BC42F276D367E002941F5 /* UIViewController+UIImagePicker+Permissons.swift in Sources */,
				AB0BC407276D0634002941F5 /* UITableView.swift in Sources */,
			);
			runOnlyForDeploymentPostprocessing = 0;
		};
		AB0BC38F276C786A002941F5 /* Sources */ = {
			isa = PBXSourcesBuildPhase;
			buildActionMask = 2147483647;
			files = (
				AB0BC398276C786A002941F5 /* PhotosTimeStamperTests.swift in Sources */,
			);
			runOnlyForDeploymentPostprocessing = 0;
		};
		AB0BC399276C786A002941F5 /* Sources */ = {
			isa = PBXSourcesBuildPhase;
			buildActionMask = 2147483647;
			files = (
				AB0BC3A2276C786A002941F5 /* PhotosTimeStamperUITests.swift in Sources */,
				AB0BC3A4276C786A002941F5 /* PhotosTimeStamperUITestsLaunchTests.swift in Sources */,
			);
			runOnlyForDeploymentPostprocessing = 0;
		};
/* End PBXSourcesBuildPhase section */

/* Begin PBXTargetDependency section */
		AB0BC395276C786A002941F5 /* PBXTargetDependency */ = {
			isa = PBXTargetDependency;
			target = AB0BC37C276C7869002941F5 /* PhotosTimeStamper */;
			targetProxy = AB0BC394276C786A002941F5 /* PBXContainerItemProxy */;
		};
		AB0BC39F276C786A002941F5 /* PBXTargetDependency */ = {
			isa = PBXTargetDependency;
			target = AB0BC37C276C7869002941F5 /* PhotosTimeStamper */;
			targetProxy = AB0BC39E276C786A002941F5 /* PBXContainerItemProxy */;
		};
/* End PBXTargetDependency section */

/* Begin PBXVariantGroup section */
		AB0BC38B276C786A002941F5 /* LaunchScreen.storyboard */ = {
			isa = PBXVariantGroup;
			children = (
				AB0BC38C276C786A002941F5 /* Base */,
			);
			name = LaunchScreen.storyboard;
			sourceTree = "<group>";
		};
/* End PBXVariantGroup section */

/* Begin XCBuildConfiguration section */
		AB0BC3A5276C786A002941F5 /* Debug */ = {
			isa = XCBuildConfiguration;
			buildSettings = {
				ALWAYS_SEARCH_USER_PATHS = NO;
				CLANG_ANALYZER_NONNULL = YES;
				CLANG_ANALYZER_NUMBER_OBJECT_CONVERSION = YES_AGGRESSIVE;
				CLANG_CXX_LANGUAGE_STANDARD = "gnu++17";
				CLANG_CXX_LIBRARY = "libc++";
				CLANG_ENABLE_MODULES = YES;
				CLANG_ENABLE_OBJC_ARC = YES;
				CLANG_ENABLE_OBJC_WEAK = YES;
				CLANG_WARN_BLOCK_CAPTURE_AUTORELEASING = YES;
				CLANG_WARN_BOOL_CONVERSION = YES;
				CLANG_WARN_COMMA = YES;
				CLANG_WARN_CONSTANT_CONVERSION = YES;
				CLANG_WARN_DEPRECATED_OBJC_IMPLEMENTATIONS = YES;
				CLANG_WARN_DIRECT_OBJC_ISA_USAGE = YES_ERROR;
				CLANG_WARN_DOCUMENTATION_COMMENTS = YES;
				CLANG_WARN_EMPTY_BODY = YES;
				CLANG_WARN_ENUM_CONVERSION = YES;
				CLANG_WARN_INFINITE_RECURSION = YES;
				CLANG_WARN_INT_CONVERSION = YES;
				CLANG_WARN_NON_LITERAL_NULL_CONVERSION = YES;
				CLANG_WARN_OBJC_IMPLICIT_RETAIN_SELF = YES;
				CLANG_WARN_OBJC_LITERAL_CONVERSION = YES;
				CLANG_WARN_OBJC_ROOT_CLASS = YES_ERROR;
				CLANG_WARN_QUOTED_INCLUDE_IN_FRAMEWORK_HEADER = YES;
				CLANG_WARN_RANGE_LOOP_ANALYSIS = YES;
				CLANG_WARN_STRICT_PROTOTYPES = YES;
				CLANG_WARN_SUSPICIOUS_MOVE = YES;
				CLANG_WARN_UNGUARDED_AVAILABILITY = YES_AGGRESSIVE;
				CLANG_WARN_UNREACHABLE_CODE = YES;
				CLANG_WARN__DUPLICATE_METHOD_MATCH = YES;
				COPY_PHASE_STRIP = NO;
				DEBUG_INFORMATION_FORMAT = dwarf;
				ENABLE_STRICT_OBJC_MSGSEND = YES;
				ENABLE_TESTABILITY = YES;
				GCC_C_LANGUAGE_STANDARD = gnu11;
				GCC_DYNAMIC_NO_PIC = NO;
				GCC_NO_COMMON_BLOCKS = YES;
				GCC_OPTIMIZATION_LEVEL = 0;
				GCC_PREPROCESSOR_DEFINITIONS = (
					"DEBUG=1",
					"$(inherited)",
				);
				GCC_WARN_64_TO_32_BIT_CONVERSION = YES;
				GCC_WARN_ABOUT_RETURN_TYPE = YES_ERROR;
				GCC_WARN_UNDECLARED_SELECTOR = YES;
				GCC_WARN_UNINITIALIZED_AUTOS = YES_AGGRESSIVE;
				GCC_WARN_UNUSED_FUNCTION = YES;
				GCC_WARN_UNUSED_VARIABLE = YES;
				IPHONEOS_DEPLOYMENT_TARGET = 15.2;
				MTL_ENABLE_DEBUG_INFO = INCLUDE_SOURCE;
				MTL_FAST_MATH = YES;
				ONLY_ACTIVE_ARCH = YES;
				SDKROOT = iphoneos;
				SWIFT_ACTIVE_COMPILATION_CONDITIONS = DEBUG;
				SWIFT_OPTIMIZATION_LEVEL = "-Onone";
			};
			name = Debug;
		};
		AB0BC3A6276C786A002941F5 /* Release */ = {
			isa = XCBuildConfiguration;
			buildSettings = {
				ALWAYS_SEARCH_USER_PATHS = NO;
				CLANG_ANALYZER_NONNULL = YES;
				CLANG_ANALYZER_NUMBER_OBJECT_CONVERSION = YES_AGGRESSIVE;
				CLANG_CXX_LANGUAGE_STANDARD = "gnu++17";
				CLANG_CXX_LIBRARY = "libc++";
				CLANG_ENABLE_MODULES = YES;
				CLANG_ENABLE_OBJC_ARC = YES;
				CLANG_ENABLE_OBJC_WEAK = YES;
				CLANG_WARN_BLOCK_CAPTURE_AUTORELEASING = YES;
				CLANG_WARN_BOOL_CONVERSION = YES;
				CLANG_WARN_COMMA = YES;
				CLANG_WARN_CONSTANT_CONVERSION = YES;
				CLANG_WARN_DEPRECATED_OBJC_IMPLEMENTATIONS = YES;
				CLANG_WARN_DIRECT_OBJC_ISA_USAGE = YES_ERROR;
				CLANG_WARN_DOCUMENTATION_COMMENTS = YES;
				CLANG_WARN_EMPTY_BODY = YES;
				CLANG_WARN_ENUM_CONVERSION = YES;
				CLANG_WARN_INFINITE_RECURSION = YES;
				CLANG_WARN_INT_CONVERSION = YES;
				CLANG_WARN_NON_LITERAL_NULL_CONVERSION = YES;
				CLANG_WARN_OBJC_IMPLICIT_RETAIN_SELF = YES;
				CLANG_WARN_OBJC_LITERAL_CONVERSION = YES;
				CLANG_WARN_OBJC_ROOT_CLASS = YES_ERROR;
				CLANG_WARN_QUOTED_INCLUDE_IN_FRAMEWORK_HEADER = YES;
				CLANG_WARN_RANGE_LOOP_ANALYSIS = YES;
				CLANG_WARN_STRICT_PROTOTYPES = YES;
				CLANG_WARN_SUSPICIOUS_MOVE = YES;
				CLANG_WARN_UNGUARDED_AVAILABILITY = YES_AGGRESSIVE;
				CLANG_WARN_UNREACHABLE_CODE = YES;
				CLANG_WARN__DUPLICATE_METHOD_MATCH = YES;
				COPY_PHASE_STRIP = NO;
				DEBUG_INFORMATION_FORMAT = "dwarf-with-dsym";
				ENABLE_NS_ASSERTIONS = NO;
				ENABLE_STRICT_OBJC_MSGSEND = YES;
				GCC_C_LANGUAGE_STANDARD = gnu11;
				GCC_NO_COMMON_BLOCKS = YES;
				GCC_WARN_64_TO_32_BIT_CONVERSION = YES;
				GCC_WARN_ABOUT_RETURN_TYPE = YES_ERROR;
				GCC_WARN_UNDECLARED_SELECTOR = YES;
				GCC_WARN_UNINITIALIZED_AUTOS = YES_AGGRESSIVE;
				GCC_WARN_UNUSED_FUNCTION = YES;
				GCC_WARN_UNUSED_VARIABLE = YES;
				IPHONEOS_DEPLOYMENT_TARGET = 15.2;
				MTL_ENABLE_DEBUG_INFO = NO;
				MTL_FAST_MATH = YES;
				SDKROOT = iphoneos;
				SWIFT_COMPILATION_MODE = wholemodule;
				SWIFT_OPTIMIZATION_LEVEL = "-O";
				VALIDATE_PRODUCT = YES;
			};
			name = Release;
		};
		AB0BC3A8276C786A002941F5 /* Debug */ = {
			isa = XCBuildConfiguration;
			baseConfigurationReference = 343A16F054783A1415AEE071 /* Pods-PhotosTimeStamper.debug.xcconfig */;
			buildSettings = {
				ASSETCATALOG_COMPILER_APPICON_NAME = AppIcon;
				ASSETCATALOG_COMPILER_GLOBAL_ACCENT_COLOR_NAME = AccentColor;
				CODE_SIGN_STYLE = Automatic;
				CURRENT_PROJECT_VERSION = 1;
				DEVELOPMENT_TEAM = 5AF75H34W7;
				GENERATE_INFOPLIST_FILE = YES;
				INFOPLIST_FILE = PhotosTimeStamper/Info.plist;
				INFOPLIST_KEY_UIApplicationSupportsIndirectInputEvents = YES;
				INFOPLIST_KEY_UILaunchStoryboardName = LaunchScreen;
				INFOPLIST_KEY_UIMainStoryboardFile = ImageList;
				INFOPLIST_KEY_UISupportedInterfaceOrientations_iPad = "UIInterfaceOrientationPortrait UIInterfaceOrientationPortraitUpsideDown UIInterfaceOrientationLandscapeLeft UIInterfaceOrientationLandscapeRight";
				INFOPLIST_KEY_UISupportedInterfaceOrientations_iPhone = "UIInterfaceOrientationPortrait UIInterfaceOrientationLandscapeLeft UIInterfaceOrientationLandscapeRight";
				LD_RUNPATH_SEARCH_PATHS = (
					"$(inherited)",
					"@executable_path/Frameworks",
				);
				MARKETING_VERSION = 1.0;
				PRODUCT_BUNDLE_IDENTIFIER = com.vivtnnx.PhotosTimeStamper;
				PRODUCT_NAME = "$(TARGET_NAME)";
				SWIFT_EMIT_LOC_STRINGS = YES;
				SWIFT_VERSION = 5.0;
				TARGETED_DEVICE_FAMILY = "1,2";
			};
			name = Debug;
		};
		AB0BC3A9276C786A002941F5 /* Release */ = {
			isa = XCBuildConfiguration;
			baseConfigurationReference = 2754B9B28439982512F3713A /* Pods-PhotosTimeStamper.release.xcconfig */;
			buildSettings = {
				ASSETCATALOG_COMPILER_APPICON_NAME = AppIcon;
				ASSETCATALOG_COMPILER_GLOBAL_ACCENT_COLOR_NAME = AccentColor;
				CODE_SIGN_STYLE = Automatic;
				CURRENT_PROJECT_VERSION = 1;
				DEVELOPMENT_TEAM = 5AF75H34W7;
				GENERATE_INFOPLIST_FILE = YES;
				INFOPLIST_FILE = PhotosTimeStamper/Info.plist;
				INFOPLIST_KEY_UIApplicationSupportsIndirectInputEvents = YES;
				INFOPLIST_KEY_UILaunchStoryboardName = LaunchScreen;
				INFOPLIST_KEY_UIMainStoryboardFile = ImageList;
				INFOPLIST_KEY_UISupportedInterfaceOrientations_iPad = "UIInterfaceOrientationPortrait UIInterfaceOrientationPortraitUpsideDown UIInterfaceOrientationLandscapeLeft UIInterfaceOrientationLandscapeRight";
				INFOPLIST_KEY_UISupportedInterfaceOrientations_iPhone = "UIInterfaceOrientationPortrait UIInterfaceOrientationLandscapeLeft UIInterfaceOrientationLandscapeRight";
				LD_RUNPATH_SEARCH_PATHS = (
					"$(inherited)",
					"@executable_path/Frameworks",
				);
				MARKETING_VERSION = 1.0;
				PRODUCT_BUNDLE_IDENTIFIER = com.vivtnnx.PhotosTimeStamper;
				PRODUCT_NAME = "$(TARGET_NAME)";
				SWIFT_EMIT_LOC_STRINGS = YES;
				SWIFT_VERSION = 5.0;
				TARGETED_DEVICE_FAMILY = "1,2";
			};
			name = Release;
		};
		AB0BC3AB276C786A002941F5 /* Debug */ = {
			isa = XCBuildConfiguration;
			baseConfigurationReference = B8D36CF05B4DBCD33BB56C0E /* Pods-PhotosTimeStamperTests.debug.xcconfig */;
			buildSettings = {
				ALWAYS_EMBED_SWIFT_STANDARD_LIBRARIES = YES;
				BUNDLE_LOADER = "$(TEST_HOST)";
				CODE_SIGN_STYLE = Automatic;
				CURRENT_PROJECT_VERSION = 1;
				DEVELOPMENT_TEAM = 5AF75H34W7;
				GENERATE_INFOPLIST_FILE = YES;
				IPHONEOS_DEPLOYMENT_TARGET = 15.2;
				MARKETING_VERSION = 1.0;
				PRODUCT_BUNDLE_IDENTIFIER = com.vivtnnx.PhotosTimeStamperTests;
				PRODUCT_NAME = "$(TARGET_NAME)";
				SWIFT_EMIT_LOC_STRINGS = NO;
				SWIFT_VERSION = 5.0;
				TARGETED_DEVICE_FAMILY = "1,2";
				TEST_HOST = "$(BUILT_PRODUCTS_DIR)/PhotosTimeStamper.app/PhotosTimeStamper";
			};
			name = Debug;
		};
		AB0BC3AC276C786A002941F5 /* Release */ = {
			isa = XCBuildConfiguration;
			baseConfigurationReference = A62FFECF200DB6824CAE4F0C /* Pods-PhotosTimeStamperTests.release.xcconfig */;
			buildSettings = {
				ALWAYS_EMBED_SWIFT_STANDARD_LIBRARIES = YES;
				BUNDLE_LOADER = "$(TEST_HOST)";
				CODE_SIGN_STYLE = Automatic;
				CURRENT_PROJECT_VERSION = 1;
				DEVELOPMENT_TEAM = 5AF75H34W7;
				GENERATE_INFOPLIST_FILE = YES;
				IPHONEOS_DEPLOYMENT_TARGET = 15.2;
				MARKETING_VERSION = 1.0;
				PRODUCT_BUNDLE_IDENTIFIER = com.vivtnnx.PhotosTimeStamperTests;
				PRODUCT_NAME = "$(TARGET_NAME)";
				SWIFT_EMIT_LOC_STRINGS = NO;
				SWIFT_VERSION = 5.0;
				TARGETED_DEVICE_FAMILY = "1,2";
				TEST_HOST = "$(BUILT_PRODUCTS_DIR)/PhotosTimeStamper.app/PhotosTimeStamper";
			};
			name = Release;
		};
		AB0BC3AE276C786A002941F5 /* Debug */ = {
			isa = XCBuildConfiguration;
			baseConfigurationReference = 7301A924AE5F895615764FC0 /* Pods-PhotosTimeStamper-PhotosTimeStamperUITests.debug.xcconfig */;
			buildSettings = {
				ALWAYS_EMBED_SWIFT_STANDARD_LIBRARIES = YES;
				CODE_SIGN_STYLE = Automatic;
				CURRENT_PROJECT_VERSION = 1;
				DEVELOPMENT_TEAM = 5AF75H34W7;
				GENERATE_INFOPLIST_FILE = YES;
				MARKETING_VERSION = 1.0;
				PRODUCT_BUNDLE_IDENTIFIER = com.vivtnnx.PhotosTimeStamperUITests;
				PRODUCT_NAME = "$(TARGET_NAME)";
				SWIFT_EMIT_LOC_STRINGS = NO;
				SWIFT_VERSION = 5.0;
				TARGETED_DEVICE_FAMILY = "1,2";
				TEST_TARGET_NAME = PhotosTimeStamper;
			};
			name = Debug;
		};
		AB0BC3AF276C786A002941F5 /* Release */ = {
			isa = XCBuildConfiguration;
			baseConfigurationReference = 78679271F938E41A3A49ACFF /* Pods-PhotosTimeStamper-PhotosTimeStamperUITests.release.xcconfig */;
			buildSettings = {
				ALWAYS_EMBED_SWIFT_STANDARD_LIBRARIES = YES;
				CODE_SIGN_STYLE = Automatic;
				CURRENT_PROJECT_VERSION = 1;
				DEVELOPMENT_TEAM = 5AF75H34W7;
				GENERATE_INFOPLIST_FILE = YES;
				MARKETING_VERSION = 1.0;
				PRODUCT_BUNDLE_IDENTIFIER = com.vivtnnx.PhotosTimeStamperUITests;
				PRODUCT_NAME = "$(TARGET_NAME)";
				SWIFT_EMIT_LOC_STRINGS = NO;
				SWIFT_VERSION = 5.0;
				TARGETED_DEVICE_FAMILY = "1,2";
				TEST_TARGET_NAME = PhotosTimeStamper;
			};
			name = Release;
		};
/* End XCBuildConfiguration section */

/* Begin XCConfigurationList section */
		AB0BC378276C7869002941F5 /* Build configuration list for PBXProject "PhotosTimeStamper" */ = {
			isa = XCConfigurationList;
			buildConfigurations = (
				AB0BC3A5276C786A002941F5 /* Debug */,
				AB0BC3A6276C786A002941F5 /* Release */,
			);
			defaultConfigurationIsVisible = 0;
			defaultConfigurationName = Release;
		};
		AB0BC3A7276C786A002941F5 /* Build configuration list for PBXNativeTarget "PhotosTimeStamper" */ = {
			isa = XCConfigurationList;
			buildConfigurations = (
				AB0BC3A8276C786A002941F5 /* Debug */,
				AB0BC3A9276C786A002941F5 /* Release */,
			);
			defaultConfigurationIsVisible = 0;
			defaultConfigurationName = Release;
		};
		AB0BC3AA276C786A002941F5 /* Build configuration list for PBXNativeTarget "PhotosTimeStamperTests" */ = {
			isa = XCConfigurationList;
			buildConfigurations = (
				AB0BC3AB276C786A002941F5 /* Debug */,
				AB0BC3AC276C786A002941F5 /* Release */,
			);
			defaultConfigurationIsVisible = 0;
			defaultConfigurationName = Release;
		};
		AB0BC3AD276C786A002941F5 /* Build configuration list for PBXNativeTarget "PhotosTimeStamperUITests" */ = {
			isa = XCConfigurationList;
			buildConfigurations = (
				AB0BC3AE276C786A002941F5 /* Debug */,
				AB0BC3AF276C786A002941F5 /* Release */,
			);
			defaultConfigurationIsVisible = 0;
			defaultConfigurationName = Release;
		};
/* End XCConfigurationList section */
	};
	rootObject = AB0BC375276C7869002941F5 /* Project object */;
}
